{
  "object": {
    "pins": [
      {
        "package": "Interpolate",
        "repositoryURL": "https://github.com/marmelroy/ObjectiveKit",
        "state": {
          "branch": null,
          "revision": "18fd6ec8cede60b9c962da33fe3631e7a2eb3f99",
          "version": "0.2.0"
        }
      }
    ]
  },
  "version": 1
}
